
Microsoft Visual Studio Solution File, Format Version 11.00
# Visual Studio 2010
# SharpDevelop 4.4
Project("{FAE04EC0-301F-11D3-BF4B-00C04F79EFBC}") = "Persistencia01", "Persistencia01\Persistencia01.csproj", "{420935E1-EFC4-4705-84BC-F8EDB8B7ED13}"
EndProject
Global
	GlobalSection(SolutionConfigurationPlatforms) = preSolution
		Debug|Any CPU = Debug|Any CPU
		Release|Any CPU = Release|Any CPU
	EndGlobalSection
	GlobalSection(ProjectConfigurationPlatforms) = postSolution
		{420935E1-EFC4-4705-84BC-F8EDB8B7ED13}.Debug|Any CPU.Build.0 = Debug|Any CPU
		{420935E1-EFC4-4705-84BC-F8EDB8B7ED13}.Debug|Any CPU.ActiveCfg = Debug|Any CPU
		{420935E1-EFC4-4705-84BC-F8EDB8B7ED13}.Release|Any CPU.Build.0 = Release|Any CPU
		{420935E1-EFC4-4705-84BC-F8EDB8B7ED13}.Release|Any CPU.ActiveCfg = Release|Any CPU
	EndGlobalSection
EndGlobal
